
Microsoft Visual Studio Solution File, Format Version 12.00
# Visual Studio Version 16
VisualStudioVersion = 16.0.30717.126
MinimumVisualStudioVersion = 10.0.40219.1
Project("{FAE04EC0-301F-11D3-BF4B-00C04F79EFBC}") = "Bitcoin.Web", "Bitcoin.Web\Bitcoin.Web.csproj", "{4A96B75E-F312-4ECA-B4E9-24CF11F7A587}"
EndProject
Global
	GlobalSection(SolutionConfigurationPlatforms) = preSolution
		Debug|Any CPU = Debug|Any CPU
		Release|Any CPU = Release|Any CPU
	EndGlobalSection
	GlobalSection(ProjectConfigurationPlatforms) = postSolution
		{4A96B75E-F312-4ECA-B4E9-24CF11F7A587}.Debug|Any CPU.ActiveCfg = Debug|Any CPU
		{4A96B75E-F312-4ECA-B4E9-24CF11F7A587}.Debug|Any CPU.Build.0 = Debug|Any CPU
		{4A96B75E-F312-4ECA-B4E9-24CF11F7A587}.Release|Any CPU.ActiveCfg = Release|Any CPU
		{4A96B75E-F312-4ECA-B4E9-24CF11F7A587}.Release|Any CPU.Build.0 = Release|Any CPU
	EndGlobalSection
	GlobalSection(SolutionProperties) = preSolution
		HideSolutionNode = FALSE
	EndGlobalSection
	GlobalSection(ExtensibilityGlobals) = postSolution
		SolutionGuid = {47F9D982-33D3-44F3-B3B3-5410EFDA5D32}
	EndGlobalSection
EndGlobal
